Microsoft Visual Studio Solution File, Format Version 12.00
# Visual Studio 2012
Project("{FAE04EC0-301F-11D3-BF4B-00C04F79EFBC}") = "Tortoise-armagedon", "Tortoise-armagedon.csproj", "{D478788E-DFF0-4497-BC28-BEF26722DF6D}"
EndProject
Global
	GlobalSection(SolutionConfigurationPlatforms) = preSolution
	Debug|Any CPU = Debug|Any CPU
	ExportDebug|Any CPU = ExportDebug|Any CPU
	ExportRelease|Any CPU = ExportRelease|Any CPU
	EndGlobalSection
	GlobalSection(ProjectConfigurationPlatforms) = postSolution
		{D478788E-DFF0-4497-BC28-BEF26722DF6D}.Debug|Any CPU.ActiveCfg = Debug|Any CPU
		{D478788E-DFF0-4497-BC28-BEF26722DF6D}.Debug|Any CPU.Build.0 = Debug|Any CPU
		{D478788E-DFF0-4497-BC28-BEF26722DF6D}.ExportDebug|Any CPU.ActiveCfg = ExportDebug|Any CPU
		{D478788E-DFF0-4497-BC28-BEF26722DF6D}.ExportDebug|Any CPU.Build.0 = ExportDebug|Any CPU
		{D478788E-DFF0-4497-BC28-BEF26722DF6D}.ExportRelease|Any CPU.ActiveCfg = ExportRelease|Any CPU
		{D478788E-DFF0-4497-BC28-BEF26722DF6D}.ExportRelease|Any CPU.Build.0 = ExportRelease|Any CPU
	EndGlobalSection
EndGlobal
